
Microsoft Visual Studio Solution File, Format Version 12.00
Project("{FAE04EC0-301F-11D3-BF4B-00C04F79EFBC}") = "MoggleMunch", "MoggleMunch\MoggleMunch.csproj", "{BF8EE706-BE5D-474A-9538-4B2E86D81EE8}"
EndProject
Project("{FAE04EC0-301F-11D3-BF4B-00C04F79EFBC}") = "GpioHat", "GpioHat\GpioHat.csproj", "{0AFE5EE6-1449-4F4D-BA38-22D3B1539C5F}"
EndProject
Project("{FAE04EC0-301F-11D3-BF4B-00C04F79EFBC}") = "MoggleEngine", "MoggleEngine\MoggleEngine.csproj", "{3345BF1A-6C99-433A-AE64-B858C8861103}"
EndProject
Global
	GlobalSection(SolutionConfigurationPlatforms) = preSolution
		Debug|Any CPU = Debug|Any CPU
		Release|Any CPU = Release|Any CPU
	EndGlobalSection
	GlobalSection(ProjectConfigurationPlatforms) = postSolution
		{BF8EE706-BE5D-474A-9538-4B2E86D81EE8}.Debug|Any CPU.ActiveCfg = Debug|Any CPU
		{BF8EE706-BE5D-474A-9538-4B2E86D81EE8}.Debug|Any CPU.Build.0 = Debug|Any CPU
		{BF8EE706-BE5D-474A-9538-4B2E86D81EE8}.Release|Any CPU.ActiveCfg = Release|Any CPU
		{BF8EE706-BE5D-474A-9538-4B2E86D81EE8}.Release|Any CPU.Build.0 = Release|Any CPU
		{0AFE5EE6-1449-4F4D-BA38-22D3B1539C5F}.Debug|Any CPU.ActiveCfg = Debug|Any CPU
		{0AFE5EE6-1449-4F4D-BA38-22D3B1539C5F}.Debug|Any CPU.Build.0 = Debug|Any CPU
		{0AFE5EE6-1449-4F4D-BA38-22D3B1539C5F}.Release|Any CPU.ActiveCfg = Release|Any CPU
		{0AFE5EE6-1449-4F4D-BA38-22D3B1539C5F}.Release|Any CPU.Build.0 = Release|Any CPU
		{3345BF1A-6C99-433A-AE64-B858C8861103}.Debug|Any CPU.ActiveCfg = Debug|Any CPU
		{3345BF1A-6C99-433A-AE64-B858C8861103}.Debug|Any CPU.Build.0 = Debug|Any CPU
		{3345BF1A-6C99-433A-AE64-B858C8861103}.Release|Any CPU.ActiveCfg = Release|Any CPU
		{3345BF1A-6C99-433A-AE64-B858C8861103}.Release|Any CPU.Build.0 = Release|Any CPU
	EndGlobalSection
EndGlobal
